
Microsoft Visual Studio Solution File, Format Version 12.00
Project("{2150E333-8FDC-42A3-9474-1A3956D46DE8}") = "Packages", "Packages", "{D3ED7368-4A95-4268-91D1-23FFFB3925F1}"
EndProject
Project("{FAE04EC0-301F-11D3-BF4B-00C04F79EFBC}") = "Microfe.Shared", "pkg\Microfe.Shared\Microfe.Shared.csproj", "{274BA178-804F-439D-898A-D9D0B6BFB019}"
EndProject
Project("{FAE04EC0-301F-11D3-BF4B-00C04F79EFBC}") = "Connect", "pkg\Connect\Connect.csproj", "{E9897735-BB98-44C7-92FF-69D14E754638}"
EndProject
Project("{FAE04EC0-301F-11D3-BF4B-00C04F79EFBC}") = "MicroFe.Infra", "shared\MicroFe.Infra\MicroFe.Infra.csproj", "{6C9DB724-0F96-42E7-8838-4277862A957C}"
EndProject
Project("{2150E333-8FDC-42A3-9474-1A3956D46DE8}") = "Apps", "Apps", "{86C05F49-59FB-490F-A717-0D6BB2591590}"
EndProject
Project("{2150E333-8FDC-42A3-9474-1A3956D46DE8}") = "App1", "App1", "{2448C7DE-60AE-41BD-B69E-676A08B1FA48}"
EndProject
Project("{FAE04EC0-301F-11D3-BF4B-00C04F79EFBC}") = "App1.Bff", "app1-bff\App1.Bff\App1.Bff.csproj", "{2A227388-FF9B-4999-B176-62F559F82E5E}"
EndProject
Project("{2150E333-8FDC-42A3-9474-1A3956D46DE8}") = "App2", "App2", "{8936F61D-C25B-457F-8AD0-EE8261D47667}"
EndProject
Project("{2150E333-8FDC-42A3-9474-1A3956D46DE8}") = "Frame", "Frame", "{25545843-C480-4D7A-A700-505557529AD2}"
EndProject
Project("{2150E333-8FDC-42A3-9474-1A3956D46DE8}") = "Host", "Host", "{FF734FDA-F32A-44EC-913F-DCBDAB49AD4C}"
EndProject
Project("{FAE04EC0-301F-11D3-BF4B-00C04F79EFBC}") = "Host.Domain", "api\Host.Domain\Host.Domain.csproj", "{4A8F74B8-B7D4-4F1D-A4A9-09C319E74581}"
EndProject
Project("{FAE04EC0-301F-11D3-BF4B-00C04F79EFBC}") = "Host.Application", "api\Host.Application\Host.Application.csproj", "{E5A61DD5-87BC-427B-8A86-AB89E4E76196}"
EndProject
Project("{2150E333-8FDC-42A3-9474-1A3956D46DE8}") = "OUT", "OUT", "{41C7EF8F-24C1-4FCD-AD72-E0750476764B}"
EndProject
Project("{FAE04EC0-301F-11D3-BF4B-00C04F79EFBC}") = "Host.Register.Adapter", "api\Host.Register.Adapter\Host.Register.Adapter\Host.Register.Adapter.csproj", "{E79C6031-301D-454D-8AD0-F5023B2B5325}"
EndProject
Project("{FAE04EC0-301F-11D3-BF4B-00C04F79EFBC}") = "Host.Api", "api\Host.Api\Host.Api.csproj", "{05FB393B-783D-46A6-B96A-C8F12B256122}"
EndProject
Project("{2150E333-8FDC-42A3-9474-1A3956D46DE8}") = "IN", "IN", "{493DB715-4F8A-4240-8569-3BCD2010B797}"
EndProject
Global
	GlobalSection(SolutionConfigurationPlatforms) = preSolution
		Debug|Any CPU = Debug|Any CPU
		Release|Any CPU = Release|Any CPU
	EndGlobalSection
	GlobalSection(NestedProjects) = preSolution
		{2448C7DE-60AE-41BD-B69E-676A08B1FA48} = {86C05F49-59FB-490F-A717-0D6BB2591590}
		{2A227388-FF9B-4999-B176-62F559F82E5E} = {2448C7DE-60AE-41BD-B69E-676A08B1FA48}
		{8936F61D-C25B-457F-8AD0-EE8261D47667} = {86C05F49-59FB-490F-A717-0D6BB2591590}
		{25545843-C480-4D7A-A700-505557529AD2} = {86C05F49-59FB-490F-A717-0D6BB2591590}
		{FF734FDA-F32A-44EC-913F-DCBDAB49AD4C} = {86C05F49-59FB-490F-A717-0D6BB2591590}
		{4A8F74B8-B7D4-4F1D-A4A9-09C319E74581} = {FF734FDA-F32A-44EC-913F-DCBDAB49AD4C}
		{E5A61DD5-87BC-427B-8A86-AB89E4E76196} = {FF734FDA-F32A-44EC-913F-DCBDAB49AD4C}
		{41C7EF8F-24C1-4FCD-AD72-E0750476764B} = {FF734FDA-F32A-44EC-913F-DCBDAB49AD4C}
		{E79C6031-301D-454D-8AD0-F5023B2B5325} = {41C7EF8F-24C1-4FCD-AD72-E0750476764B}
		{493DB715-4F8A-4240-8569-3BCD2010B797} = {FF734FDA-F32A-44EC-913F-DCBDAB49AD4C}
		{05FB393B-783D-46A6-B96A-C8F12B256122} = {493DB715-4F8A-4240-8569-3BCD2010B797}
		{E9897735-BB98-44C7-92FF-69D14E754638} = {D3ED7368-4A95-4268-91D1-23FFFB3925F1}
		{6C9DB724-0F96-42E7-8838-4277862A957C} = {D3ED7368-4A95-4268-91D1-23FFFB3925F1}
		{274BA178-804F-439D-898A-D9D0B6BFB019} = {D3ED7368-4A95-4268-91D1-23FFFB3925F1}
	EndGlobalSection
	GlobalSection(ProjectConfigurationPlatforms) = postSolution
		{274BA178-804F-439D-898A-D9D0B6BFB019}.Debug|Any CPU.ActiveCfg = Debug|Any CPU
		{274BA178-804F-439D-898A-D9D0B6BFB019}.Debug|Any CPU.Build.0 = Debug|Any CPU
		{274BA178-804F-439D-898A-D9D0B6BFB019}.Release|Any CPU.ActiveCfg = Release|Any CPU
		{274BA178-804F-439D-898A-D9D0B6BFB019}.Release|Any CPU.Build.0 = Release|Any CPU
		{E9897735-BB98-44C7-92FF-69D14E754638}.Debug|Any CPU.ActiveCfg = Debug|Any CPU
		{E9897735-BB98-44C7-92FF-69D14E754638}.Debug|Any CPU.Build.0 = Debug|Any CPU
		{E9897735-BB98-44C7-92FF-69D14E754638}.Release|Any CPU.ActiveCfg = Release|Any CPU
		{E9897735-BB98-44C7-92FF-69D14E754638}.Release|Any CPU.Build.0 = Release|Any CPU
		{6C9DB724-0F96-42E7-8838-4277862A957C}.Debug|Any CPU.ActiveCfg = Debug|Any CPU
		{6C9DB724-0F96-42E7-8838-4277862A957C}.Debug|Any CPU.Build.0 = Debug|Any CPU
		{6C9DB724-0F96-42E7-8838-4277862A957C}.Release|Any CPU.ActiveCfg = Release|Any CPU
		{6C9DB724-0F96-42E7-8838-4277862A957C}.Release|Any CPU.Build.0 = Release|Any CPU
		{2A227388-FF9B-4999-B176-62F559F82E5E}.Debug|Any CPU.ActiveCfg = Debug|Any CPU
		{2A227388-FF9B-4999-B176-62F559F82E5E}.Debug|Any CPU.Build.0 = Debug|Any CPU
		{2A227388-FF9B-4999-B176-62F559F82E5E}.Release|Any CPU.ActiveCfg = Release|Any CPU
		{2A227388-FF9B-4999-B176-62F559F82E5E}.Release|Any CPU.Build.0 = Release|Any CPU
		{4A8F74B8-B7D4-4F1D-A4A9-09C319E74581}.Debug|Any CPU.ActiveCfg = Debug|Any CPU
		{4A8F74B8-B7D4-4F1D-A4A9-09C319E74581}.Debug|Any CPU.Build.0 = Debug|Any CPU
		{4A8F74B8-B7D4-4F1D-A4A9-09C319E74581}.Release|Any CPU.ActiveCfg = Release|Any CPU
		{4A8F74B8-B7D4-4F1D-A4A9-09C319E74581}.Release|Any CPU.Build.0 = Release|Any CPU
		{E5A61DD5-87BC-427B-8A86-AB89E4E76196}.Debug|Any CPU.ActiveCfg = Debug|Any CPU
		{E5A61DD5-87BC-427B-8A86-AB89E4E76196}.Debug|Any CPU.Build.0 = Debug|Any CPU
		{E5A61DD5-87BC-427B-8A86-AB89E4E76196}.Release|Any CPU.ActiveCfg = Release|Any CPU
		{E5A61DD5-87BC-427B-8A86-AB89E4E76196}.Release|Any CPU.Build.0 = Release|Any CPU
		{E79C6031-301D-454D-8AD0-F5023B2B5325}.Debug|Any CPU.ActiveCfg = Debug|Any CPU
		{E79C6031-301D-454D-8AD0-F5023B2B5325}.Debug|Any CPU.Build.0 = Debug|Any CPU
		{E79C6031-301D-454D-8AD0-F5023B2B5325}.Release|Any CPU.ActiveCfg = Release|Any CPU
		{E79C6031-301D-454D-8AD0-F5023B2B5325}.Release|Any CPU.Build.0 = Release|Any CPU
		{05FB393B-783D-46A6-B96A-C8F12B256122}.Debug|Any CPU.ActiveCfg = Debug|Any CPU
		{05FB393B-783D-46A6-B96A-C8F12B256122}.Debug|Any CPU.Build.0 = Debug|Any CPU
		{05FB393B-783D-46A6-B96A-C8F12B256122}.Release|Any CPU.ActiveCfg = Release|Any CPU
		{05FB393B-783D-46A6-B96A-C8F12B256122}.Release|Any CPU.Build.0 = Release|Any CPU
	EndGlobalSection
EndGlobal
